// !$*UTF8*$!
{
	archiveVersion = 1;
	classes = {
	};
	objectVersion = 50;
	objects = {

/* Begin PBXBuildFile section */
		524883AE24C8CBE1002A4A12 /* AppDelegate.swift in Sources */ = {isa = PBXBuildFile; fileRef = 524883AD24C8CBE1002A4A12 /* AppDelegate.swift */; };
		524883B024C8CBE1002A4A12 /* SceneDelegate.swift in Sources */ = {isa = PBXBuildFile; fileRef = 524883AF24C8CBE1002A4A12 /* SceneDelegate.swift */; };
		524883B224C8CBE1002A4A12 /* FaceMojiViewController.swift in Sources */ = {isa = PBXBuildFile; fileRef = 524883B124C8CBE1002A4A12 /* FaceMojiViewController.swift */; };
		524883B724C8CBE4002A4A12 /* Assets.xcassets in Resources */ = {isa = PBXBuildFile; fileRef = 524883B624C8CBE4002A4A12 /* Assets.xcassets */; };
		524883BA24C8CBE4002A4A12 /* LaunchScreen.storyboard in Resources */ = {isa = PBXBuildFile; fileRef = 524883B824C8CBE4002A4A12 /* LaunchScreen.storyboard */; };
		52DB064824C8D17C00F06ED8 /* EmojiNode.swift in Sources */ = {isa = PBXBuildFile; fileRef = 52DB064724C8D17C00F06ED8 /* EmojiNode.swift */; };
		52DB064A24C8D1B600F06ED8 /* String+Ext.swift in Sources */ = {isa = PBXBuildFile; fileRef = 52DB064924C8D1B600F06ED8 /* String+Ext.swift */; };
/* End PBXBuildFile section */

/* Begin PBXFileReference section */
		524883AA24C8CBE1002A4A12 /* FaceMoji.app */ = {isa = PBXFileReference; explicitFileType = wrapper.application; includeInIndex = 0; path = FaceMoji.app; sourceTree = BUILT_PRODUCTS_DIR; };
		524883AD24C8CBE1002A4A12 /* AppDelegate.swift */ = {isa = PBXFileReference; lastKnownFileType = sourcecode.swift; path = AppDelegate.swift; sourceTree = "<group>"; };
		524883AF24C8CBE1002A4A12 /* SceneDelegate.swift */ = {isa = PBXFileReference; lastKnownFileType = sourcecode.swift; path = SceneDelegate.swift; sourceTree = "<group>"; };
		524883B124C8CBE1002A4A12 /* FaceMojiViewController.swift */ = {isa = PBXFileReference; lastKnownFileType = sourcecode.swift; path = FaceMojiViewController.swift; sourceTree = "<group>"; };
		524883B624C8CBE4002A4A12 /* Assets.xcassets */ = {isa = PBXFileReference; lastKnownFileType = folder.assetcatalog; path = Assets.xcassets; sourceTree = "<group>"; };
		524883B924C8CBE4002A4A12 /* Base */ = {isa = PBXFileReference; lastKnownFileType = file.storyboard; name = Base; path = Base.lproj/LaunchScreen.storyboard; sourceTree = "<group>"; };
		524883BB24C8CBE4002A4A12 /* Info.plist */ = {isa = PBXFileReference; lastKnownFileType = text.plist.xml; path = Info.plist; sourceTree = "<group>"; };
		52DB064724C8D17C00F06ED8 /* EmojiNode.swift */ = {isa = PBXFileReference; lastKnownFileType = sourcecode.swift; path = EmojiNode.swift; sourceTree = "<group>"; };
		52DB064924C8D1B600F06ED8 /* String+Ext.swift */ = {isa = PBXFileReference; lastKnownFileType = sourcecode.swift; path = "String+Ext.swift"; sourceTree = "<group>"; };
/* End PBXFileReference section */

/* Begin PBXFrameworksBuildPhase section */
		524883A724C8CBE1002A4A12 /* Frameworks */ = {
			isa = PBXFrameworksBuildPhase;
			buildActionMask = 2147483647;
			files = (
			);
			runOnlyForDeploymentPostprocessing = 0;
		};
/* End PBXFrameworksBuildPhase section */

/* Begin PBXGroup section */
		524883A124C8CBE1002A4A12 = {
			isa = PBXGroup;
			children = (
				524883AC24C8CBE1002A4A12 /* FaceMoji */,
				524883AB24C8CBE1002A4A12 /* Products */,
			);
			sourceTree = "<group>";
		};
		524883AB24C8CBE1002A4A12 /* Products */ = {
			isa = PBXGroup;
			children = (
				524883AA24C8CBE1002A4A12 /* FaceMoji.app */,
			);
			name = Products;
			sourceTree = "<group>";
		};
		524883AC24C8CBE1002A4A12 /* FaceMoji */ = {
			isa = PBXGroup;
			children = (
				52DB064C24C8D1CB00F06ED8 /* Controllers */,
				52DB064D24C8D1D800F06ED8 /* Nodes */,
				52DB064B24C8D1C200F06ED8 /* Helpers */,
				524883AD24C8CBE1002A4A12 /* AppDelegate.swift */,
				524883AF24C8CBE1002A4A12 /* SceneDelegate.swift */,
				524883B624C8CBE4002A4A12 /* Assets.xcassets */,
				524883B824C8CBE4002A4A12 /* LaunchScreen.storyboard */,
				524883BB24C8CBE4002A4A12 /* Info.plist */,
			);
			path = FaceMoji;
			sourceTree = "<group>";
		};
		52DB064B24C8D1C200F06ED8 /* Helpers */ = {
			isa = PBXGroup;
			children = (
				52DB064924C8D1B600F06ED8 /* String+Ext.swift */,
			);
			path = Helpers;
			sourceTree = "<group>";
		};
		52DB064C24C8D1CB00F06ED8 /* Controllers */ = {
			isa = PBXGroup;
			children = (
				524883B124C8CBE1002A4A12 /* FaceMojiViewController.swift */,
			);
			path = Controllers;
			sourceTree = "<group>";
		};
		52DB064D24C8D1D800F06ED8 /* Nodes */ = {
			isa = PBXGroup;
			children = (
				52DB064724C8D17C00F06ED8 /* EmojiNode.swift */,
			);
			path = Nodes;
			sourceTree = "<group>";
		};
/* End PBXGroup section */

/* Begin PBXNativeTarget section */
		524883A924C8CBE1002A4A12 /* FaceMoji */ = {
			isa = PBXNativeTarget;
			buildConfigurationList = 524883BE24C8CBE4002A4A12 /* Build configuration list for PBXNativeTarget "FaceMoji" */;
			buildPhases = (
				524883A624C8CBE1002A4A12 /* Sources */,
				524883A724C8CBE1002A4A12 /* Frameworks */,
				524883A824C8CBE1002A4A12 /* Resources */,
			);
			buildRules = (
			);
			dependencies = (
			);
			name = FaceMoji;
			productName = FaceMoji;
			productReference = 524883AA24C8CBE1002A4A12 /* FaceMoji.app */;
			productType = "com.apple.product-type.application";
		};
/* End PBXNativeTarget section */

/* Begin PBXProject section */
		524883A224C8CBE1002A4A12 /* Project object */ = {
			isa = PBXProject;
			attributes = {
				LastSwiftUpdateCheck = 1160;
				LastUpgradeCheck = 1160;
				ORGANIZATIONNAME = "Oleksandr Kovalyshyn";
				TargetAttributes = {
					524883A924C8CBE1002A4A12 = {
						CreatedOnToolsVersion = 11.6;
					};
				};
			};
			buildConfigurationList = 524883A524C8CBE1002A4A12 /* Build configuration list for PBXProject "FaceMoji" */;
			compatibilityVersion = "Xcode 9.3";
			developmentRegion = en;
			hasScannedForEncodings = 0;
			knownRegions = (
				en,
				Base,
			);
			mainGroup = 524883A124C8CBE1002A4A12;
			productRefGroup = 524883AB24C8CBE1002A4A12 /* Products */;
			projectDirPath = "";
			projectRoot = "";
			targets = (
				524883A924C8CBE1002A4A12 /* FaceMoji */,
			);
		};
/* End PBXProject section */

/* Begin PBXResourcesBuildPhase section */
		524883A824C8CBE1002A4A12 /* Resources */ = {
			isa = PBXResourcesBuildPhase;
			buildActionMask = 2147483647;
			files = (
				524883BA24C8CBE4002A4A12 /* LaunchScreen.storyboard in Resources */,
				524883B724C8CBE4002A4A12 /* Assets.xcassets in Resources */,
			);
			runOnlyForDeploymentPostprocessing = 0;
		};
/* End PBXResourcesBuildPhase section */

/* Begin PBXSourcesBuildPhase section */
		524883A624C8CBE1002A4A12 /* Sources */ = {
			isa = PBXSourcesBuildPhase;
			buildActionMask = 2147483647;
			files = (
				52DB064824C8D17C00F06ED8 /* EmojiNode.swift in Sources */,
				524883B224C8CBE1002A4A12 /* FaceMojiViewController.swift in Sources */,
				524883AE24C8CBE1002A4A12 /* AppDelegate.swift in Sources */,
				52DB064A24C8D1B600F06ED8 /* String+Ext.swift in Sources */,
				524883B024C8CBE1002A4A12 /* SceneDelegate.swift in Sources */,
			);
			runOnlyForDeploymentPostprocessing = 0;
		};
/* End PBXSourcesBuildPhase section */

/* Begin PBXVariantGroup section */
		524883B824C8CBE4002A4A12 /* LaunchScreen.storyboard */ = {
			isa = PBXVariantGroup;
			children = (
				524883B924C8CBE4002A4A12 /* Base */,
			);
			name = LaunchScreen.storyboard;
			sourceTree = "<group>";
		};
/* End PBXVariantGroup section */

/* Begin XCBuildConfiguration section */
		524883BC24C8CBE4002A4A12 /* Debug */ = {
			isa = XCBuildConfiguration;
			buildSettings = {
				ALWAYS_SEARCH_USER_PATHS = NO;
				CLANG_ANALYZER_NONNULL = YES;
				CLANG_ANALYZER_NUMBER_OBJECT_CONVERSION = YES_AGGRESSIVE;
				CLANG_CXX_LANGUAGE_STANDARD = "gnu++14";
				CLANG_CXX_LIBRARY = "libc++";
				CLANG_ENABLE_MODULES = YES;
				CLANG_ENABLE_OBJC_ARC = YES;
				CLANG_ENABLE_OBJC_WEAK = YES;
				CLANG_WARN_BLOCK_CAPTURE_AUTORELEASING = YES;
				CLANG_WARN_BOOL_CONVERSION = YES;
				CLANG_WARN_COMMA = YES;
				CLANG_WARN_CONSTANT_CONVERSION = YES;
				CLANG_WARN_DEPRECATED_OBJC_IMPLEMENTATIONS = YES;
				CLANG_WARN_DIRECT_OBJC_ISA_USAGE = YES_ERROR;
				CLANG_WARN_DOCUMENTATION_COMMENTS = YES;
				CLANG_WARN_EMPTY_BODY = YES;
				CLANG_WARN_ENUM_CONVERSION = YES;
				CLANG_WARN_INFINITE_RECURSION = YES;
				CLANG_WARN_INT_CONVERSION = YES;
				CLANG_WARN_NON_LITERAL_NULL_CONVERSION = YES;
				CLANG_WARN_OBJC_IMPLICIT_RETAIN_SELF = YES;
				CLANG_WARN_OBJC_LITERAL_CONVERSION = YES;
				CLANG_WARN_OBJC_ROOT_CLASS = YES_ERROR;
				CLANG_WARN_RANGE_LOOP_ANALYSIS = YES;
				CLANG_WARN_STRICT_PROTOTYPES = YES;
				CLANG_WARN_SUSPICIOUS_MOVE = YES;
				CLANG_WARN_UNGUARDED_AVAILABILITY = YES_AGGRESSIVE;
				CLANG_WARN_UNREACHABLE_CODE = YES;
				CLANG_WARN__DUPLICATE_METHOD_MATCH = YES;
				COPY_PHASE_STRIP = NO;
				DEBUG_INFORMATION_FORMAT = dwarf;
				ENABLE_STRICT_OBJC_MSGSEND = YES;
				ENABLE_TESTABILITY = YES;
				GCC_C_LANGUAGE_STANDARD = gnu11;
				GCC_DYNAMIC_NO_PIC = NO;
				GCC_NO_COMMON_BLOCKS = YES;
				GCC_OPTIMIZATION_LEVEL = 0;
				GCC_PREPROCESSOR_DEFINITIONS = (
					"DEBUG=1",
					"$(inherited)",
				);
				GCC_WARN_64_TO_32_BIT_CONVERSION = YES;
				GCC_WARN_ABOUT_RETURN_TYPE = YES_ERROR;
				GCC_WARN_UNDECLARED_SELECTOR = YES;
				GCC_WARN_UNINITIALIZED_AUTOS = YES_AGGRESSIVE;
				GCC_WARN_UNUSED_FUNCTION = YES;
				GCC_WARN_UNUSED_VARIABLE = YES;
				IPHONEOS_DEPLOYMENT_TARGET = 13.5;
				MTL_ENABLE_DEBUG_INFO = INCLUDE_SOURCE;
				MTL_FAST_MATH = YES;
				ONLY_ACTIVE_ARCH = YES;
				SDKROOT = iphoneos;
				SWIFT_ACTIVE_COMPILATION_CONDITIONS = DEBUG;
				SWIFT_OPTIMIZATION_LEVEL = "-Onone";
			};
			name = Debug;
		};
		524883BD24C8CBE4002A4A12 /* Release */ = {
			isa = XCBuildConfiguration;
			buildSettings = {
				ALWAYS_SEARCH_USER_PATHS = NO;
				CLANG_ANALYZER_NONNULL = YES;
				CLANG_ANALYZER_NUMBER_OBJECT_CONVERSION = YES_AGGRESSIVE;
				CLANG_CXX_LANGUAGE_STANDARD = "gnu++14";
				CLANG_CXX_LIBRARY = "libc++";
				CLANG_ENABLE_MODULES = YES;
				CLANG_ENABLE_OBJC_ARC = YES;
				CLANG_ENABLE_OBJC_WEAK = YES;
				CLANG_WARN_BLOCK_CAPTURE_AUTORELEASING = YES;
				CLANG_WARN_BOOL_CONVERSION = YES;
				CLANG_WARN_COMMA = YES;
				CLANG_WARN_CONSTANT_CONVERSION = YES;
				CLANG_WARN_DEPRECATED_OBJC_IMPLEMENTATIONS = YES;
				CLANG_WARN_DIRECT_OBJC_ISA_USAGE = YES_ERROR;
				CLANG_WARN_DOCUMENTATION_COMMENTS = YES;
				CLANG_WARN_EMPTY_BODY = YES;
				CLANG_WARN_ENUM_CONVERSION = YES;
				CLANG_WARN_INFINITE_RECURSION = YES;
				CLANG_WARN_INT_CONVERSION = YES;
				CLANG_WARN_NON_LITERAL_NULL_CONVERSION = YES;
				CLANG_WARN_OBJC_IMPLICIT_RETAIN_SELF = YES;
				CLANG_WARN_OBJC_LITERAL_CONVERSION = YES;
				CLANG_WARN_OBJC_ROOT_CLASS = YES_ERROR;
				CLANG_WARN_RANGE_LOOP_ANALYSIS = YES;
				CLANG_WARN_STRICT_PROTOTYPES = YES;
				CLANG_WARN_SUSPICIOUS_MOVE = YES;
				CLANG_WARN_UNGUARDED_AVAILABILITY = YES_AGGRESSIVE;
				CLANG_WARN_UNREACHABLE_CODE = YES;
				CLANG_WARN__DUPLICATE_METHOD_MATCH = YES;
				COPY_PHASE_STRIP = NO;
				DEBUG_INFORMATION_FORMAT = "dwarf-with-dsym";
				ENABLE_NS_ASSERTIONS = NO;
				ENABLE_STRICT_OBJC_MSGSEND = YES;
				GCC_C_LANGUAGE_STANDARD = gnu11;
				GCC_NO_COMMON_BLOCKS = YES;
				GCC_WARN_64_TO_32_BIT_CONVERSION = YES;
				GCC_WARN_ABOUT_RETURN_TYPE = YES_ERROR;
				GCC_WARN_UNDECLARED_SELECTOR = YES;
				GCC_WARN_UNINITIALIZED_AUTOS = YES_AGGRESSIVE;
				GCC_WARN_UNUSED_FUNCTION = YES;
				GCC_WARN_UNUSED_VARIABLE = YES;
				IPHONEOS_DEPLOYMENT_TARGET = 13.5;
				MTL_ENABLE_DEBUG_INFO = NO;
				MTL_FAST_MATH = YES;
				SDKROOT = iphoneos;
				SWIFT_COMPILATION_MODE = wholemodule;
				SWIFT_OPTIMIZATION_LEVEL = "-O";
				VALIDATE_PRODUCT = YES;
			};
			name = Release;
		};
		524883BF24C8CBE4002A4A12 /* Debug */ = {
			isa = XCBuildConfiguration;
			buildSettings = {
				ASSETCATALOG_COMPILER_APPICON_NAME = AppIcon;
				CODE_SIGN_STYLE = Automatic;
				DEVELOPMENT_TEAM = NL4GU78Y25;
				INFOPLIST_FILE = FaceMoji/Info.plist;
				LD_RUNPATH_SEARCH_PATHS = (
					"$(inherited)",
					"@executable_path/Frameworks",
				);
				PRODUCT_BUNDLE_IDENTIFIER = com.skovalyshyn.FaceMoji;
				PRODUCT_NAME = "$(TARGET_NAME)";
				SWIFT_VERSION = 5.0;
				TARGETED_DEVICE_FAMILY = "1,2";
			};
			name = Debug;
		};
		524883C024C8CBE4002A4A12 /* Release */ = {
			isa = XCBuildConfiguration;
			buildSettings = {
				ASSETCATALOG_COMPILER_APPICON_NAME = AppIcon;
				CODE_SIGN_STYLE = Automatic;
				DEVELOPMENT_TEAM = NL4GU78Y25;
				INFOPLIST_FILE = FaceMoji/Info.plist;
				LD_RUNPATH_SEARCH_PATHS = (
					"$(inherited)",
					"@executable_path/Frameworks",
				);
				PRODUCT_BUNDLE_IDENTIFIER = com.skovalyshyn.FaceMoji;
				PRODUCT_NAME = "$(TARGET_NAME)";
				SWIFT_VERSION = 5.0;
				TARGETED_DEVICE_FAMILY = "1,2";
			};
			name = Release;
		};
/* End XCBuildConfiguration section */

/* Begin XCConfigurationList section */
		524883A524C8CBE1002A4A12 /* Build configuration list for PBXProject "FaceMoji" */ = {
			isa = XCConfigurationList;
			buildConfigurations = (
				524883BC24C8CBE4002A4A12 /* Debug */,
				524883BD24C8CBE4002A4A12 /* Release */,
			);
			defaultConfigurationIsVisible = 0;
			defaultConfigurationName = Release;
		};
		524883BE24C8CBE4002A4A12 /* Build configuration list for PBXNativeTarget "FaceMoji" */ = {
			isa = XCConfigurationList;
			buildConfigurations = (
				524883BF24C8CBE4002A4A12 /* Debug */,
				524883C024C8CBE4002A4A12 /* Release */,
			);
			defaultConfigurationIsVisible = 0;
			defaultConfigurationName = Release;
		};
/* End XCConfigurationList section */
	};
	rootObject = 524883A224C8CBE1002A4A12 /* Project object */;
}
